
Microsoft Visual Studio Solution File, Format Version 12.00
# Visual Studio Version 17
VisualStudioVersion = 17.4.33122.133
MinimumVisualStudioVersion = 10.0.40219.1
Project("{FAE04EC0-301F-11D3-BF4B-00C04F79EFBC}") = "primeeee", "primeeee\primeeee.csproj", "{FAA63166-1E74-43C7-8EC3-A6E33EE9895B}"
EndProject
Global
	GlobalSection(SolutionConfigurationPlatforms) = preSolution
		Debug|Any CPU = Debug|Any CPU
		Release|Any CPU = Release|Any CPU
	EndGlobalSection
	GlobalSection(ProjectConfigurationPlatforms) = postSolution
		{FAA63166-1E74-43C7-8EC3-A6E33EE9895B}.Debug|Any CPU.ActiveCfg = Debug|Any CPU
		{FAA63166-1E74-43C7-8EC3-A6E33EE9895B}.Debug|Any CPU.Build.0 = Debug|Any CPU
		{FAA63166-1E74-43C7-8EC3-A6E33EE9895B}.Release|Any CPU.ActiveCfg = Release|Any CPU
		{FAA63166-1E74-43C7-8EC3-A6E33EE9895B}.Release|Any CPU.Build.0 = Release|Any CPU
	EndGlobalSection
	GlobalSection(SolutionProperties) = preSolution
		HideSolutionNode = FALSE
	EndGlobalSection
	GlobalSection(ExtensibilityGlobals) = postSolution
		SolutionGuid = {26A3AA8B-A12D-4DCA-9C0F-E037335618F9}
	EndGlobalSection
EndGlobal
